// !$*UTF8*$!
{
	archiveVersion = 1;
	classes = {
	};
	objectVersion = 42;
	objects = {

/* Begin PBXApplicationTarget section */
		29B97326FDCFA39411CA2CEA /* Oemfoeland 5 */ = {
			isa = PBXApplicationTarget;
			buildConfigurationList = 179A92A8097718C6008E7FFD /* Build configuration list for PBXApplicationTarget "Oemfoeland 5" */;
			buildPhases = (
				29B97327FDCFA39411CA2CEA /* Headers */,
				29B97328FDCFA39411CA2CEA /* Resources */,
				29B9732BFDCFA39411CA2CEA /* Sources */,
				29B9732DFDCFA39411CA2CEA /* Frameworks */,
			);
			dependencies = (
			);
			name = "Oemfoeland 5";
			productInstallPath = "$(HOME)/Applications";
			productName = "Oemfoeland 5";
			productReference = 17587328FF379C6511CA2CBB /* Oemfoeland 5.app */;
			productSettingsXML = "<?xml version=\"1.0\" encoding=\"UTF-8\"?>
<!DOCTYPE plist PUBLIC \"-//Apple//DTD PLIST 1.0//EN\" \"http://www.apple.com/DTDs/PropertyList-1.0.dtd\">
<plist version=\"1.0\">
<dict>
	<key>CFBundleDevelopmentRegion</key>
	<string>English</string>
	<key>CFBundleExecutable</key>
	<string>Oemfoeland 5</string>
	<key>CFBundleIconFile</key>
	<string></string>
	<key>CFBundleInfoDictionaryVersion</key>
	<string>6.0</string>
	<key>CFBundlePackageType</key>
	<string>APPL</string>
	<key>CFBundleSignature</key>
	<string>????</string>
	<key>CFBundleVersion</key>
	<string>0.1</string>
	<key>NSMainNibFile</key>
	<string>MainMenu</string>
	<key>NSPrincipalClass</key>
	<string>NSApplication</string>
</dict>
</plist>
";
		};
/* End PBXApplicationTarget section */

/* Begin PBXBuildFile section */
		089C165EFE840E0CC02AAC07 /* InfoPlist.strings in Resources */ = {isa = PBXBuildFile; fileRef = 089C165CFE840E0CC02AAC07 /* InfoPlist.strings */; };
		1058C7A3FEA54F0111CA2CBB /* Cocoa.framework in Frameworks */ = {isa = PBXBuildFile; fileRef = 1058C7A1FEA54F0111CA2CBB /* Cocoa.framework */; };
		1704B41C096199C800EE6A28 /* OEMFGame.h in Headers */ = {isa = PBXBuildFile; fileRef = 1704B41A096199C800EE6A28 /* OEMFGame.h */; };
		1704B41D096199C800EE6A28 /* OEMFGame.cpp in Sources */ = {isa = PBXBuildFile; fileRef = 1704B41B096199C800EE6A28 /* OEMFGame.cpp */; };
		1704B43809619F6900EE6A28 /* OEMFLevel.h in Headers */ = {isa = PBXBuildFile; fileRef = 1704B43609619F6900EE6A28 /* OEMFLevel.h */; };
		1704B43909619F6900EE6A28 /* OEMFLevel.cpp in Sources */ = {isa = PBXBuildFile; fileRef = 1704B43709619F6900EE6A28 /* OEMFLevel.cpp */; };
		1704B4940961BBC100EE6A28 /* OEMFLevelEdit.h in Headers */ = {isa = PBXBuildFile; fileRef = 1704B4920961BBC100EE6A28 /* OEMFLevelEdit.h */; };
		1704B4950961BBC100EE6A28 /* OEMFLevelEdit.cpp in Sources */ = {isa = PBXBuildFile; fileRef = 1704B4930961BBC100EE6A28 /* OEMFLevelEdit.cpp */; };
		17113D3F0B36FBD700EE50C2 /* movable.png in Resources */ = {isa = PBXBuildFile; fileRef = 17113D3E0B36FBD700EE50C2 /* movable.png */; };
		17113D400B36FBDF00EE50C2 /* movable.png in Resources */ = {isa = PBXBuildFile; fileRef = 17113D3E0B36FBD700EE50C2 /* movable.png */; };
		17145B9B0B32D99800E475E9 /* OEMFGObjectList.h in Headers */ = {isa = PBXBuildFile; fileRef = 17145B990B32D99800E475E9 /* OEMFGObjectList.h */; };
		17145B9C0B32D99800E475E9 /* OEMFGObjectList.cpp in Sources */ = {isa = PBXBuildFile; fileRef = 17145B9A0B32D99800E475E9 /* OEMFGObjectList.cpp */; };
		172C81830B2C520F006845B5 /* SDLMain.h in Headers */ = {isa = PBXBuildFile; fileRef = F5A47A9D01A0482F01D3D55B /* SDLMain.h */; };
		172C81840B2C520F006845B5 /* OEMFImage.h in Headers */ = {isa = PBXBuildFile; fileRef = 174D86810958C6FA008187C1 /* OEMFImage.h */; };
		172C81850B2C520F006845B5 /* MusicPlayer.h in Headers */ = {isa = PBXBuildFile; fileRef = 177940F80958EF2C00E4C0FE /* MusicPlayer.h */; };
		172C81860B2C520F006845B5 /* OEMFString.h in Headers */ = {isa = PBXBuildFile; fileRef = 17CC3F53095AFA5C00AD50E8 /* OEMFString.h */; };
		172C81870B2C520F006845B5 /* OEMFEnvironment.h in Headers */ = {isa = PBXBuildFile; fileRef = 17CC40DE095CD43F00AD50E8 /* OEMFEnvironment.h */; };
		172C81880B2C520F006845B5 /* OEMFFontFactory.h in Headers */ = {isa = PBXBuildFile; fileRef = 17F18E9E095DBEC500DB7319 /* OEMFFontFactory.h */; };
		172C81890B2C520F006845B5 /* OEMFIntro.h in Headers */ = {isa = PBXBuildFile; fileRef = 17F18F56095E27BA00DB7319 /* OEMFIntro.h */; };
		172C818A0B2C520F006845B5 /* OEMFStorage.h in Headers */ = {isa = PBXBuildFile; fileRef = 17C20DB509605E72002CB406 /* OEMFStorage.h */; };
		172C818B0B2C520F006845B5 /* OEMFMain.h in Headers */ = {isa = PBXBuildFile; fileRef = 17C210440960CB21002CB406 /* OEMFMain.h */; };
		172C818C0B2C520F006845B5 /* OEMFGame.h in Headers */ = {isa = PBXBuildFile; fileRef = 1704B41A096199C800EE6A28 /* OEMFGame.h */; };
		172C818D0B2C520F006845B5 /* OEMFLevel.h in Headers */ = {isa = PBXBuildFile; fileRef = 1704B43609619F6900EE6A28 /* OEMFLevel.h */; };
		172C818E0B2C520F006845B5 /* OEMFLevelEdit.h in Headers */ = {isa = PBXBuildFile; fileRef = 1704B4920961BBC100EE6A28 /* OEMFLevelEdit.h */; };
		172C818F0B2C520F006845B5 /* OEMFGObject.h in Headers */ = {isa = PBXBuildFile; fileRef = 17C3BF750968BC9D001B4E58 /* OEMFGObject.h */; };
		172C81900B2C520F006845B5 /* SDL_mixer.h in Headers */ = {isa = PBXBuildFile; fileRef = 17E54EB20B21033F00736C98 /* SDL_mixer.h */; };
		172C81910B2C520F006845B5 /* SDL_image.h in Headers */ = {isa = PBXBuildFile; fileRef = 17E54F740B24707100736C98 /* SDL_image.h */; };
		172C81930B2C520F006845B5 /* InfoPlist.strings in Resources */ = {isa = PBXBuildFile; fileRef = 089C165CFE840E0CC02AAC07 /* InfoPlist.strings */; };
		172C819A0B2C520F006845B5 /* coin.png in Resources */ = {isa = PBXBuildFile; fileRef = 17E5501C0B247F1B00736C98 /* coin.png */; };
		172C819B0B2C520F006845B5 /* backgroundwindow.png in Resources */ = {isa = PBXBuildFile; fileRef = 17E5501D0B247F1B00736C98 /* backgroundwindow.png */; };
		172C819C0B2C520F006845B5 /* background.png in Resources */ = {isa = PBXBuildFile; fileRef = 17E5501E0B247F1B00736C98 /* background.png */; };
		172C819D0B2C520F006845B5 /* selection.png in Resources */ = {isa = PBXBuildFile; fileRef = 17E5501F0B247F1B00736C98 /* selection.png */; };
		172C819E0B2C520F006845B5 /* sdl.png in Resources */ = {isa = PBXBuildFile; fileRef = 17E550200B247F1B00736C98 /* sdl.png */; };
		172C819F0B2C520F006845B5 /* null.png in Resources */ = {isa = PBXBuildFile; fileRef = 17E550210B247F1B00736C98 /* null.png */; };
		172C81A00B2C520F006845B5 /* menufont.png in Resources */ = {isa = PBXBuildFile; fileRef = 17E550220B247F1B00736C98 /* menufont.png */; };
		172C81A10B2C520F006845B5 /* oemfoe.png in Resources */ = {isa = PBXBuildFile; fileRef = 17E550230B247F1B00736C98 /* oemfoe.png */; };
		172C81A20B2C520F006845B5 /* oemfoeclouds2.png in Resources */ = {isa = PBXBuildFile; fileRef = 17E550240B247F1B00736C98 /* oemfoeclouds2.png */; };
		172C81A30B2C520F006845B5 /* oemfoeland5.png in Resources */ = {isa = PBXBuildFile; fileRef = 17E550250B247F1B00736C98 /* oemfoeland5.png */; };
		172C81A40B2C520F006845B5 /* scoreboard.png in Resources */ = {isa = PBXBuildFile; fileRef = 17E550260B247F1B00736C98 /* scoreboard.png */; };
		172C81A50B2C520F006845B5 /* font.png in Resources */ = {isa = PBXBuildFile; fileRef = 17E550270B247F1B00736C98 /* font.png */; };
		172C81A60B2C520F006845B5 /* oemfoeclouds1.png in Resources */ = {isa = PBXBuildFile; fileRef = 17E550280B247F1B00736C98 /* oemfoeclouds1.png */; };
		172C81A70B2C520F006845B5 /* wall.png in Resources */ = {isa = PBXBuildFile; fileRef = 17E550A90B2483C200736C98 /* wall.png */; };
		172C81A90B2C520F006845B5 /* SDLMain.m in Sources */ = {isa = PBXBuildFile; fileRef = F5A47A9E01A0483001D3D55B /* SDLMain.m */; };
		172C81AA0B2C520F006845B5 /* main.cpp in Sources */ = {isa = PBXBuildFile; fileRef = F5A47A9F01A0483001D3D55B /* main.cpp */; };
		172C81AB0B2C520F006845B5 /* OEMFImage.cpp in Sources */ = {isa = PBXBuildFile; fileRef = 174D86820958C6FA008187C1 /* OEMFImage.cpp */; };
		172C81AC0B2C520F006845B5 /* MusicPlayer.cpp in Sources */ = {isa = PBXBuildFile; fileRef = 177940F70958EF2C00E4C0FE /* MusicPlayer.cpp */; };
		172C81AD0B2C520F006845B5 /* OEMFString.cpp in Sources */ = {isa = PBXBuildFile; fileRef = 17CC3F54095AFA5C00AD50E8 /* OEMFString.cpp */; };
		172C81AE0B2C520F006845B5 /* OEMFEnvironment.cpp in Sources */ = {isa = PBXBuildFile; fileRef = 17CC40DF095CD43F00AD50E8 /* OEMFEnvironment.cpp */; };
		172C81AF0B2C520F006845B5 /* OEMFFontFactory.cpp in Sources */ = {isa = PBXBuildFile; fileRef = 17F18E9F095DBEC500DB7319 /* OEMFFontFactory.cpp */; };
		172C81B00B2C520F006845B5 /* OEMFIntro.cpp in Sources */ = {isa = PBXBuildFile; fileRef = 17F18F57095E27BA00DB7319 /* OEMFIntro.cpp */; };
		172C81B10B2C520F006845B5 /* OEMFStorage.cpp in Sources */ = {isa = PBXBuildFile; fileRef = 17C20DB609605E72002CB406 /* OEMFStorage.cpp */; };
		172C81B20B2C520F006845B5 /* OEMFMain.cpp in Sources */ = {isa = PBXBuildFile; fileRef = 17C210450960CB21002CB406 /* OEMFMain.cpp */; };
		172C81B30B2C520F006845B5 /* OEMFGame.cpp in Sources */ = {isa = PBXBuildFile; fileRef = 1704B41B096199C800EE6A28 /* OEMFGame.cpp */; };
		172C81B40B2C520F006845B5 /* OEMFLevel.cpp in Sources */ = {isa = PBXBuildFile; fileRef = 1704B43709619F6900EE6A28 /* OEMFLevel.cpp */; };
		172C81B50B2C520F006845B5 /* OEMFLevelEdit.cpp in Sources */ = {isa = PBXBuildFile; fileRef = 1704B4930961BBC100EE6A28 /* OEMFLevelEdit.cpp */; };
		172C81B60B2C520F006845B5 /* OEMFGObject.cpp in Sources */ = {isa = PBXBuildFile; fileRef = 17C3BF760968BC9D001B4E58 /* OEMFGObject.cpp */; };
		172C81B80B2C520F006845B5 /* Cocoa.framework in Frameworks */ = {isa = PBXBuildFile; fileRef = 1058C7A1FEA54F0111CA2CBB /* Cocoa.framework */; };
		172C81B90B2C520F006845B5 /* CoreAudio.framework in Frameworks */ = {isa = PBXBuildFile; fileRef = 177941240958F0C600E4C0FE /* CoreAudio.framework */; };
		172C81BA0B2C520F006845B5 /* SDL_mixer.framework in Frameworks */ = {isa = PBXBuildFile; fileRef = 17E54EAA0B21032A00736C98 /* SDL_mixer.framework */; };
		172C81BB0B2C520F006845B5 /* SDL_image.framework in Frameworks */ = {isa = PBXBuildFile; fileRef = 17E54F6C0B24706400736C98 /* SDL_image.framework */; };
		174D86830958C6FA008187C1 /* OEMFImage.h in Headers */ = {isa = PBXBuildFile; fileRef = 174D86810958C6FA008187C1 /* OEMFImage.h */; };
		174D86840958C6FA008187C1 /* OEMFImage.cpp in Sources */ = {isa = PBXBuildFile; fileRef = 174D86820958C6FA008187C1 /* OEMFImage.cpp */; };
		177940F90958EF2C00E4C0FE /* MusicPlayer.cpp in Sources */ = {isa = PBXBuildFile; fileRef = 177940F70958EF2C00E4C0FE /* MusicPlayer.cpp */; };
		177940FA0958EF2C00E4C0FE /* MusicPlayer.h in Headers */ = {isa = PBXBuildFile; fileRef = 177940F80958EF2C00E4C0FE /* MusicPlayer.h */; };
		177941250958F0C600E4C0FE /* CoreAudio.framework in Frameworks */ = {isa = PBXBuildFile; fileRef = 177941240958F0C600E4C0FE /* CoreAudio.framework */; };
		1786F8A80B336B2600192B7A /* arrowright.png in Resources */ = {isa = PBXBuildFile; fileRef = 1786F8A40B336B2600192B7A /* arrowright.png */; };
		1786F8A90B336B2600192B7A /* snow1.png in Resources */ = {isa = PBXBuildFile; fileRef = 1786F8A50B336B2600192B7A /* snow1.png */; };
		1786F8AA0B336B2600192B7A /* snow2.png in Resources */ = {isa = PBXBuildFile; fileRef = 1786F8A60B336B2600192B7A /* snow2.png */; };
		1786F8AB0B336B2600192B7A /* arrowleft.png in Resources */ = {isa = PBXBuildFile; fileRef = 1786F8A70B336B2600192B7A /* arrowleft.png */; };
		1786F8AC0B336B3E00192B7A /* arrowright.png in Resources */ = {isa = PBXBuildFile; fileRef = 1786F8A40B336B2600192B7A /* arrowright.png */; };
		1786F8AD0B336B3E00192B7A /* snow1.png in Resources */ = {isa = PBXBuildFile; fileRef = 1786F8A50B336B2600192B7A /* snow1.png */; };
		1786F8AE0B336B3E00192B7A /* snow2.png in Resources */ = {isa = PBXBuildFile; fileRef = 1786F8A60B336B2600192B7A /* snow2.png */; };
		1786F8AF0B336B3E00192B7A /* arrowleft.png in Resources */ = {isa = PBXBuildFile; fileRef = 1786F8A70B336B2600192B7A /* arrowleft.png */; };
		17BF33030B3ADC6800DF168C /* ohno.wav in Resources */ = {isa = PBXBuildFile; fileRef = 17BF33020B3ADC6800DF168C /* ohno.wav */; };
		17C20DB709605E72002CB406 /* OEMFStorage.h in Headers */ = {isa = PBXBuildFile; fileRef = 17C20DB509605E72002CB406 /* OEMFStorage.h */; };
		17C20DB809605E72002CB406 /* OEMFStorage.cpp in Sources */ = {isa = PBXBuildFile; fileRef = 17C20DB609605E72002CB406 /* OEMFStorage.cpp */; };
		17C210460960CB21002CB406 /* OEMFMain.h in Headers */ = {isa = PBXBuildFile; fileRef = 17C210440960CB21002CB406 /* OEMFMain.h */; };
		17C210470960CB21002CB406 /* OEMFMain.cpp in Sources */ = {isa = PBXBuildFile; fileRef = 17C210450960CB21002CB406 /* OEMFMain.cpp */; };
		17C3BF770968BC9D001B4E58 /* OEMFGObject.h in Headers */ = {isa = PBXBuildFile; fileRef = 17C3BF750968BC9D001B4E58 /* OEMFGObject.h */; };
		17C3BF780968BC9D001B4E58 /* OEMFGObject.cpp in Sources */ = {isa = PBXBuildFile; fileRef = 17C3BF760968BC9D001B4E58 /* OEMFGObject.cpp */; };
		17CC3F55095AFA5C00AD50E8 /* OEMFString.h in Headers */ = {isa = PBXBuildFile; fileRef = 17CC3F53095AFA5C00AD50E8 /* OEMFString.h */; };
		17CC3F56095AFA5C00AD50E8 /* OEMFString.cpp in Sources */ = {isa = PBXBuildFile; fileRef = 17CC3F54095AFA5C00AD50E8 /* OEMFString.cpp */; };
		17CC40E0095CD43F00AD50E8 /* OEMFEnvironment.h in Headers */ = {isa = PBXBuildFile; fileRef = 17CC40DE095CD43F00AD50E8 /* OEMFEnvironment.h */; };
		17CC40E1095CD43F00AD50E8 /* OEMFEnvironment.cpp in Sources */ = {isa = PBXBuildFile; fileRef = 17CC40DF095CD43F00AD50E8 /* OEMFEnvironment.cpp */; };
		17D90BBF0B385ABA00B6E8CB /* coin.wav in Resources */ = {isa = PBXBuildFile; fileRef = 17D90BBA0B385ABA00B6E8CB /* coin.wav */; };
		17D90BC00B385ABA00B6E8CB /* hmf.wav in Resources */ = {isa = PBXBuildFile; fileRef = 17D90BBB0B385ABA00B6E8CB /* hmf.wav */; };
		17D90BC10B385ABA00B6E8CB /* pulsar.wav in Resources */ = {isa = PBXBuildFile; fileRef = 17D90BBC0B385ABA00B6E8CB /* pulsar.wav */; };
		17D90BC20B385ABA00B6E8CB /* tik.wav in Resources */ = {isa = PBXBuildFile; fileRef = 17D90BBD0B385ABA00B6E8CB /* tik.wav */; };
		17D90BC30B385ABA00B6E8CB /* tok.wav in Resources */ = {isa = PBXBuildFile; fileRef = 17D90BBE0B385ABA00B6E8CB /* tok.wav */; };
		17D90C240B38611700B6E8CB /* plof.wav in Resources */ = {isa = PBXBuildFile; fileRef = 17D90C230B38611700B6E8CB /* plof.wav */; };
		17D90C390B3862C400B6E8CB /* hip.wav in Resources */ = {isa = PBXBuildFile; fileRef = 17D90C380B3862C400B6E8CB /* hip.wav */; };
		17D90C800B38678700B6E8CB /* drag.wav in Resources */ = {isa = PBXBuildFile; fileRef = 17D90C7F0B38678700B6E8CB /* drag.wav */; };
		17DAFDBA0B3419D3002E68F2 /* platform2.png in Resources */ = {isa = PBXBuildFile; fileRef = 17DAFDB80B3419D3002E68F2 /* platform2.png */; };
		17DAFDBB0B3419D3002E68F2 /* platform1.png in Resources */ = {isa = PBXBuildFile; fileRef = 17DAFDB90B3419D3002E68F2 /* platform1.png */; };
		17DAFDBC0B341A0B002E68F2 /* platform2.png in Resources */ = {isa = PBXBuildFile; fileRef = 17DAFDB80B3419D3002E68F2 /* platform2.png */; };
		17DAFDBD0B341A0B002E68F2 /* platform1.png in Resources */ = {isa = PBXBuildFile; fileRef = 17DAFDB90B3419D3002E68F2 /* platform1.png */; };
		17DAFDE20B341F19002E68F2 /* oemfoecursor.png in Resources */ = {isa = PBXBuildFile; fileRef = 17DAFDE10B341F19002E68F2 /* oemfoecursor.png */; };
		17DAFDE30B341F1D002E68F2 /* oemfoecursor.png in Resources */ = {isa = PBXBuildFile; fileRef = 17DAFDE10B341F19002E68F2 /* oemfoecursor.png */; };
		17DAFE620B346CCF002E68F2 /* snowman.png in Resources */ = {isa = PBXBuildFile; fileRef = 17DAFE610B346CCF002E68F2 /* snowman.png */; };
		17DAFE630B346CD4002E68F2 /* snowman.png in Resources */ = {isa = PBXBuildFile; fileRef = 17DAFE610B346CCF002E68F2 /* snowman.png */; };
		17E54EAB0B21032A00736C98 /* SDL_mixer.framework in Frameworks */ = {isa = PBXBuildFile; fileRef = 17E54EAA0B21032A00736C98 /* SDL_mixer.framework */; };
		17E54EB30B21033F00736C98 /* SDL_mixer.h in Headers */ = {isa = PBXBuildFile; fileRef = 17E54EB20B21033F00736C98 /* SDL_mixer.h */; };
		17E54F6D0B24706400736C98 /* SDL_image.framework in Frameworks */ = {isa = PBXBuildFile; fileRef = 17E54F6C0B24706400736C98 /* SDL_image.framework */; };
		17E54F750B24707100736C98 /* SDL_image.h in Headers */ = {isa = PBXBuildFile; fileRef = 17E54F740B24707100736C98 /* SDL_image.h */; };
		17E5502B0B247F1B00736C98 /* coin.png in Resources */ = {isa = PBXBuildFile; fileRef = 17E5501C0B247F1B00736C98 /* coin.png */; };
		17E5502C0B247F1B00736C98 /* backgroundwindow.png in Resources */ = {isa = PBXBuildFile; fileRef = 17E5501D0B247F1B00736C98 /* backgroundwindow.png */; };
		17E5502D0B247F1B00736C98 /* background.png in Resources */ = {isa = PBXBuildFile; fileRef = 17E5501E0B247F1B00736C98 /* background.png */; };
		17E5502E0B247F1B00736C98 /* selection.png in Resources */ = {isa = PBXBuildFile; fileRef = 17E5501F0B247F1B00736C98 /* selection.png */; };
		17E5502F0B247F1B00736C98 /* sdl.png in Resources */ = {isa = PBXBuildFile; fileRef = 17E550200B247F1B00736C98 /* sdl.png */; };
		17E550300B247F1B00736C98 /* null.png in Resources */ = {isa = PBXBuildFile; fileRef = 17E550210B247F1B00736C98 /* null.png */; };
		17E550310B247F1B00736C98 /* menufont.png in Resources */ = {isa = PBXBuildFile; fileRef = 17E550220B247F1B00736C98 /* menufont.png */; };
		17E550320B247F1B00736C98 /* oemfoe.png in Resources */ = {isa = PBXBuildFile; fileRef = 17E550230B247F1B00736C98 /* oemfoe.png */; };
		17E550330B247F1B00736C98 /* oemfoeclouds2.png in Resources */ = {isa = PBXBuildFile; fileRef = 17E550240B247F1B00736C98 /* oemfoeclouds2.png */; };
		17E550340B247F1B00736C98 /* oemfoeland5.png in Resources */ = {isa = PBXBuildFile; fileRef = 17E550250B247F1B00736C98 /* oemfoeland5.png */; };
		17E550350B247F1B00736C98 /* scoreboard.png in Resources */ = {isa = PBXBuildFile; fileRef = 17E550260B247F1B00736C98 /* scoreboard.png */; };
		17E550360B247F1B00736C98 /* font.png in Resources */ = {isa = PBXBuildFile; fileRef = 17E550270B247F1B00736C98 /* font.png */; };
		17E550370B247F1B00736C98 /* oemfoeclouds1.png in Resources */ = {isa = PBXBuildFile; fileRef = 17E550280B247F1B00736C98 /* oemfoeclouds1.png */; };
		17E550AA0B2483C200736C98 /* wall.png in Resources */ = {isa = PBXBuildFile; fileRef = 17E550A90B2483C200736C98 /* wall.png */; };
		17F18EA0095DBEC500DB7319 /* OEMFFontFactory.h in Headers */ = {isa = PBXBuildFile; fileRef = 17F18E9E095DBEC500DB7319 /* OEMFFontFactory.h */; };
		17F18EA1095DBEC500DB7319 /* OEMFFontFactory.cpp in Sources */ = {isa = PBXBuildFile; fileRef = 17F18E9F095DBEC500DB7319 /* OEMFFontFactory.cpp */; };
		17F18F58095E27BA00DB7319 /* OEMFIntro.h in Headers */ = {isa = PBXBuildFile; fileRef = 17F18F56095E27BA00DB7319 /* OEMFIntro.h */; };
		17F18F59095E27BA00DB7319 /* OEMFIntro.cpp in Sources */ = {isa = PBXBuildFile; fileRef = 17F18F57095E27BA00DB7319 /* OEMFIntro.cpp */; };
		9D13245C0C6A1A4100B2190D /* level1.lvl in Resources */ = {isa = PBXBuildFile; fileRef = 9D1324580C6A1A4100B2190D /* level1.lvl */; };
		9D13245D0C6A1A4200B2190D /* level4.lvl in Resources */ = {isa = PBXBuildFile; fileRef = 9D1324590C6A1A4100B2190D /* level4.lvl */; };
		9D13245E0C6A1A4200B2190D /* level2.lvl in Resources */ = {isa = PBXBuildFile; fileRef = 9D13245A0C6A1A4100B2190D /* level2.lvl */; };
		9D13245F0C6A1A4200B2190D /* level3.lvl in Resources */ = {isa = PBXBuildFile; fileRef = 9D13245B0C6A1A4100B2190D /* level3.lvl */; };
		9D138B0E0C85935B00D709B2 /* conveyor1.png in Resources */ = {isa = PBXBuildFile; fileRef = 9D138B0A0C85935A00D709B2 /* conveyor1.png */; };
		9D138B0F0C85935B00D709B2 /* conveyor2.png in Resources */ = {isa = PBXBuildFile; fileRef = 9D138B0B0C85935A00D709B2 /* conveyor2.png */; };
		9D138B100C85935B00D709B2 /* conveyor3.png in Resources */ = {isa = PBXBuildFile; fileRef = 9D138B0C0C85935A00D709B2 /* conveyor3.png */; };
		9D138B110C85935B00D709B2 /* conveyor4.png in Resources */ = {isa = PBXBuildFile; fileRef = 9D138B0D0C85935A00D709B2 /* conveyor4.png */; };
		9D1FDBA6159DA32C009F5209 /* level6.lvl in Resources */ = {isa = PBXBuildFile; fileRef = 9D1FDBA4159DA32C009F5209 /* level6.lvl */; };
		9D1FDBA7159DA32C009F5209 /* level7.lvl in Resources */ = {isa = PBXBuildFile; fileRef = 9D1FDBA5159DA32C009F5209 /* level7.lvl */; };
		9D1FDBFB159E4CB1009F5209 /* elevator1.png in Resources */ = {isa = PBXBuildFile; fileRef = 9D1FDBF3159E4CB1009F5209 /* elevator1.png */; };
		9D1FDBFC159E4CB1009F5209 /* elevator2.png in Resources */ = {isa = PBXBuildFile; fileRef = 9D1FDBF4159E4CB1009F5209 /* elevator2.png */; };
		9D1FDBFD159E4CB1009F5209 /* elevator3.png in Resources */ = {isa = PBXBuildFile; fileRef = 9D1FDBF5159E4CB1009F5209 /* elevator3.png */; };
		9D1FDBFE159E4CB1009F5209 /* elevator4.png in Resources */ = {isa = PBXBuildFile; fileRef = 9D1FDBF6159E4CB1009F5209 /* elevator4.png */; };
		9D2F78110C7079E900F34654 /* endscreen.png in Resources */ = {isa = PBXBuildFile; fileRef = 9D2F780F0C7079E900F34654 /* endscreen.png */; };
		9D2F78120C7079E900F34654 /* marblerock.png in Resources */ = {isa = PBXBuildFile; fileRef = 9D2F78100C7079E900F34654 /* marblerock.png */; };
		9D72A1280C6499A2006F5BE5 /* boiling.mp3 in Resources */ = {isa = PBXBuildFile; fileRef = 9D72A1270C6499A2006F5BE5 /* boiling.mp3 */; };
		9D7EE4D10C870D5C00895B0E /* bomb4.png in Resources */ = {isa = PBXBuildFile; fileRef = 9D7EE4CE0C870D5C00895B0E /* bomb4.png */; };
		9D7EE4D20C870D5C00895B0E /* bomb3.png in Resources */ = {isa = PBXBuildFile; fileRef = 9D7EE4CF0C870D5C00895B0E /* bomb3.png */; };
		9D7EE4D30C870D5C00895B0E /* bomb2.png in Resources */ = {isa = PBXBuildFile; fileRef = 9D7EE4D00C870D5C00895B0E /* bomb2.png */; };
		9D8DCE930C6A3EC70076001F /* bomb.png in Resources */ = {isa = PBXBuildFile; fileRef = 9D8DCE920C6A3EC70076001F /* bomb.png */; };
		9DAA48A90C813C2F0057ECAC /* level5.lvl in Resources */ = {isa = PBXBuildFile; fileRef = 9DAA48A80C813C2F0057ECAC /* level5.lvl */; };
		9DAA48EA0C8226390057ECAC /* resources.def in Resources */ = {isa = PBXBuildFile; fileRef = 9DAA48E90C8226380057ECAC /* resources.def */; };
		9DDFB7790C6BA56A0088D1B8 /* greybricks.png in Resources */ = {isa = PBXBuildFile; fileRef = 9DDFB7780C6BA56A0088D1B8 /* greybricks.png */; };
		9DE446B20C67DB9C000147FB /* oemfoemini.png in Resources */ = {isa = PBXBuildFile; fileRef = 9DE446B10C67DB9C000147FB /* oemfoemini.png */; };
		F5A47AA101A0483001D3D55B /* SDLMain.h in Headers */ = {isa = PBXBuildFile; fileRef = F5A47A9D01A0482F01D3D55B /* SDLMain.h */; };
		F5A47AA301A0483001D3D55B /* SDLMain.m in Sources */ = {isa = PBXBuildFile; fileRef = F5A47A9E01A0483001D3D55B /* SDLMain.m */; };
		F5A47AA401A0483001D3D55B /* main.cpp in Sources */ = {isa = PBXBuildFile; fileRef = F5A47A9F01A0483001D3D55B /* main.cpp */; };
/* End PBXBuildFile section */

/* Begin PBXFileReference section */
		089C165DFE840E0CC02AAC07 /* English */ = {isa = PBXFileReference; fileEncoding = 10; lastKnownFileType = text.plist.strings; name = English; path = English.lproj/InfoPlist.strings; sourceTree = "<group>"; };
		1058C7A1FEA54F0111CA2CBB /* Cocoa.framework */ = {isa = PBXFileReference; lastKnownFileType = wrapper.framework; name = Cocoa.framework; path = /System/Library/Frameworks/Cocoa.framework; sourceTree = "<absolute>"; };
		1704B41A096199C800EE6A28 /* OEMFGame.h */ = {isa = PBXFileReference; fileEncoding = 4; lastKnownFileType = sourcecode.c.h; path = OEMFGame.h; sourceTree = "<group>"; };
		1704B41B096199C800EE6A28 /* OEMFGame.cpp */ = {isa = PBXFileReference; fileEncoding = 4; lastKnownFileType = sourcecode.cpp.cpp; path = OEMFGame.cpp; sourceTree = "<group>"; };
		1704B43609619F6900EE6A28 /* OEMFLevel.h */ = {isa = PBXFileReference; fileEncoding = 4; lastKnownFileType = sourcecode.c.h; path = OEMFLevel.h; sourceTree = "<group>"; };
		1704B43709619F6900EE6A28 /* OEMFLevel.cpp */ = {isa = PBXFileReference; fileEncoding = 4; lastKnownFileType = sourcecode.cpp.cpp; path = OEMFLevel.cpp; sourceTree = "<group>"; };
		1704B4920961BBC100EE6A28 /* OEMFLevelEdit.h */ = {isa = PBXFileReference; fileEncoding = 4; lastKnownFileType = sourcecode.c.h; path = OEMFLevelEdit.h; sourceTree = "<group>"; };
		1704B4930961BBC100EE6A28 /* OEMFLevelEdit.cpp */ = {isa = PBXFileReference; fileEncoding = 4; lastKnownFileType = sourcecode.cpp.cpp; path = OEMFLevelEdit.cpp; sourceTree = "<group>"; };
		17113D3E0B36FBD700EE50C2 /* movable.png */ = {isa = PBXFileReference; lastKnownFileType = image.png; path = movable.png; sourceTree = "<group>"; };
		17145B990B32D99800E475E9 /* OEMFGObjectList.h */ = {isa = PBXFileReference; fileEncoding = 4; lastKnownFileType = sourcecode.c.h; path = OEMFGObjectList.h; sourceTree = "<group>"; };
		17145B9A0B32D99800E475E9 /* OEMFGObjectList.cpp */ = {isa = PBXFileReference; fileEncoding = 4; lastKnownFileType = sourcecode.cpp.cpp; path = OEMFGObjectList.cpp; sourceTree = "<group>"; };
		172C81C00B2C520F006845B5 /* Info-Oemfoeland_5__Upgraded_.plist */ = {isa = PBXFileReference; lastKnownFileType = text.plist.xml; path = "Info-Oemfoeland_5__Upgraded_.plist"; sourceTree = "<group>"; };
		172C81C10B2C520F006845B5 /* Oemfoeland 5.app */ = {isa = PBXFileReference; explicitFileType = wrapper.application; includeInIndex = 0; path = "Oemfoeland 5.app"; sourceTree = BUILT_PRODUCTS_DIR; };
		174D86810958C6FA008187C1 /* OEMFImage.h */ = {isa = PBXFileReference; fileEncoding = 4; lastKnownFileType = sourcecode.c.h; path = OEMFImage.h; sourceTree = "<group>"; };
		174D86820958C6FA008187C1 /* OEMFImage.cpp */ = {isa = PBXFileReference; fileEncoding = 4; lastKnownFileType = sourcecode.cpp.cpp; path = OEMFImage.cpp; sourceTree = "<group>"; };
		17587328FF379C6511CA2CBB /* Oemfoeland 5.app */ = {isa = PBXFileReference; explicitFileType = wrapper.application; path = "Oemfoeland 5.app"; sourceTree = BUILT_PRODUCTS_DIR; };
		177940F70958EF2C00E4C0FE /* MusicPlayer.cpp */ = {isa = PBXFileReference; fileEncoding = 30; lastKnownFileType = sourcecode.cpp.cpp; path = MusicPlayer.cpp; sourceTree = "<group>"; };
		177940F80958EF2C00E4C0FE /* MusicPlayer.h */ = {isa = PBXFileReference; fileEncoding = 30; lastKnownFileType = sourcecode.c.h; path = MusicPlayer.h; sourceTree = "<group>"; };
		177941240958F0C600E4C0FE /* CoreAudio.framework */ = {isa = PBXFileReference; lastKnownFileType = wrapper.framework; name = CoreAudio.framework; path = /System/Library/Frameworks/CoreAudio.framework; sourceTree = "<absolute>"; };
		1786F8A40B336B2600192B7A /* arrowright.png */ = {isa = PBXFileReference; lastKnownFileType = image.png; path = arrowright.png; sourceTree = "<group>"; };
		1786F8A50B336B2600192B7A /* snow1.png */ = {isa = PBXFileReference; lastKnownFileType = image.png; path = snow1.png; sourceTree = "<group>"; };
		1786F8A60B336B2600192B7A /* snow2.png */ = {isa = PBXFileReference; lastKnownFileType = image.png; path = snow2.png; sourceTree = "<group>"; };
		1786F8A70B336B2600192B7A /* arrowleft.png */ = {isa = PBXFileReference; lastKnownFileType = image.png; path = arrowleft.png; sourceTree = "<group>"; };
		17BF33020B3ADC6800DF168C /* ohno.wav */ = {isa = PBXFileReference; lastKnownFileType = audio.wav; path = ohno.wav; sourceTree = "<group>"; };
		17C20DB509605E72002CB406 /* OEMFStorage.h */ = {isa = PBXFileReference; fileEncoding = 4; lastKnownFileType = sourcecode.c.h; path = OEMFStorage.h; sourceTree = "<group>"; };
		17C20DB609605E72002CB406 /* OEMFStorage.cpp */ = {isa = PBXFileReference; fileEncoding = 4; lastKnownFileType = sourcecode.cpp.cpp; path = OEMFStorage.cpp; sourceTree = "<group>"; };
		17C210440960CB21002CB406 /* OEMFMain.h */ = {isa = PBXFileReference; fileEncoding = 4; lastKnownFileType = sourcecode.c.h; path = OEMFMain.h; sourceTree = "<group>"; };
		17C210450960CB21002CB406 /* OEMFMain.cpp */ = {isa = PBXFileReference; fileEncoding = 4; lastKnownFileType = sourcecode.cpp.cpp; path = OEMFMain.cpp; sourceTree = "<group>"; };
		17C3BF750968BC9D001B4E58 /* OEMFGObject.h */ = {isa = PBXFileReference; fileEncoding = 4; lastKnownFileType = sourcecode.c.h; path = OEMFGObject.h; sourceTree = "<group>"; };
		17C3BF760968BC9D001B4E58 /* OEMFGObject.cpp */ = {isa = PBXFileReference; fileEncoding = 4; lastKnownFileType = sourcecode.cpp.cpp; path = OEMFGObject.cpp; sourceTree = "<group>"; };
		17CC3F53095AFA5C00AD50E8 /* OEMFString.h */ = {isa = PBXFileReference; fileEncoding = 4; lastKnownFileType = sourcecode.c.h; path = OEMFString.h; sourceTree = "<group>"; };
		17CC3F54095AFA5C00AD50E8 /* OEMFString.cpp */ = {isa = PBXFileReference; fileEncoding = 4; lastKnownFileType = sourcecode.cpp.cpp; path = OEMFString.cpp; sourceTree = "<group>"; };
		17CC40DE095CD43F00AD50E8 /* OEMFEnvironment.h */ = {isa = PBXFileReference; fileEncoding = 4; lastKnownFileType = sourcecode.c.h; path = OEMFEnvironment.h; sourceTree = "<group>"; };
		17CC40DF095CD43F00AD50E8 /* OEMFEnvironment.cpp */ = {isa = PBXFileReference; fileEncoding = 4; lastKnownFileType = sourcecode.cpp.cpp; path = OEMFEnvironment.cpp; sourceTree = "<group>"; };
		17D90BBA0B385ABA00B6E8CB /* coin.wav */ = {isa = PBXFileReference; lastKnownFileType = audio.wav; path = coin.wav; sourceTree = "<group>"; };
		17D90BBB0B385ABA00B6E8CB /* hmf.wav */ = {isa = PBXFileReference; lastKnownFileType = audio.wav; path = hmf.wav; sourceTree = "<group>"; };
		17D90BBC0B385ABA00B6E8CB /* pulsar.wav */ = {isa = PBXFileReference; lastKnownFileType = audio.wav; path = pulsar.wav; sourceTree = "<group>"; };
		17D90BBD0B385ABA00B6E8CB /* tik.wav */ = {isa = PBXFileReference; lastKnownFileType = audio.wav; path = tik.wav; sourceTree = "<group>"; };
		17D90BBE0B385ABA00B6E8CB /* tok.wav */ = {isa = PBXFileReference; lastKnownFileType = audio.wav; path = tok.wav; sourceTree = "<group>"; };
		17D90C230B38611700B6E8CB /* plof.wav */ = {isa = PBXFileReference; lastKnownFileType = audio.wav; path = plof.wav; sourceTree = "<group>"; };
		17D90C380B3862C400B6E8CB /* hip.wav */ = {isa = PBXFileReference; lastKnownFileType = audio.wav; path = hip.wav; sourceTree = "<group>"; };
		17D90C7F0B38678700B6E8CB /* drag.wav */ = {isa = PBXFileReference; lastKnownFileType = audio.wav; path = drag.wav; sourceTree = "<group>"; };
		17DAFDB80B3419D3002E68F2 /* platform2.png */ = {isa = PBXFileReference; lastKnownFileType = image.png; path = platform2.png; sourceTree = "<group>"; };
		17DAFDB90B3419D3002E68F2 /* platform1.png */ = {isa = PBXFileReference; lastKnownFileType = image.png; path = platform1.png; sourceTree = "<group>"; };
		17DAFDE10B341F19002E68F2 /* oemfoecursor.png */ = {isa = PBXFileReference; lastKnownFileType = image.png; path = oemfoecursor.png; sourceTree = "<group>"; };
		17DAFE610B346CCF002E68F2 /* snowman.png */ = {isa = PBXFileReference; lastKnownFileType = image.png; path = snowman.png; sourceTree = "<group>"; };
		17E54EAA0B21032A00736C98 /* SDL_mixer.framework */ = {isa = PBXFileReference; lastKnownFileType = wrapper.framework; name = SDL_mixer.framework; path = /Library/Frameworks/SDL_mixer.framework; sourceTree = "<absolute>"; };
		17E54EB20B21033F00736C98 /* SDL_mixer.h */ = {isa = PBXFileReference; fileEncoding = 30; lastKnownFileType = sourcecode.c.h; path = SDL_mixer.h; sourceTree = "<group>"; };
		17E54F6C0B24706400736C98 /* SDL_image.framework */ = {isa = PBXFileReference; lastKnownFileType = wrapper.framework; name = SDL_image.framework; path = /Library/Frameworks/SDL_image.framework; sourceTree = "<absolute>"; };
		17E54F740B24707100736C98 /* SDL_image.h */ = {isa = PBXFileReference; fileEncoding = 30; lastKnownFileType = sourcecode.c.h; path = SDL_image.h; sourceTree = "<group>"; };
		17E5501C0B247F1B00736C98 /* coin.png */ = {isa = PBXFileReference; lastKnownFileType = image.png; path = coin.png; sourceTree = "<group>"; };
		17E5501D0B247F1B00736C98 /* backgroundwindow.png */ = {isa = PBXFileReference; lastKnownFileType = image.png; path = backgroundwindow.png; sourceTree = "<group>"; };
		17E5501E0B247F1B00736C98 /* background.png */ = {isa = PBXFileReference; lastKnownFileType = image.png; path = background.png; sourceTree = "<group>"; };
		17E5501F0B247F1B00736C98 /* selection.png */ = {isa = PBXFileReference; lastKnownFileType = image.png; path = selection.png; sourceTree = "<group>"; };
		17E550200B247F1B00736C98 /* sdl.png */ = {isa = PBXFileReference; lastKnownFileType = image.png; path = sdl.png; sourceTree = "<group>"; };
		17E550210B247F1B00736C98 /* null.png */ = {isa = PBXFileReference; lastKnownFileType = image.png; path = null.png; sourceTree = "<group>"; };
		17E550220B247F1B00736C98 /* menufont.png */ = {isa = PBXFileReference; lastKnownFileType = image.png; path = menufont.png; sourceTree = "<group>"; };
		17E550230B247F1B00736C98 /* oemfoe.png */ = {isa = PBXFileReference; lastKnownFileType = image.png; path = oemfoe.png; sourceTree = "<group>"; };
		17E550240B247F1B00736C98 /* oemfoeclouds2.png */ = {isa = PBXFileReference; lastKnownFileType = image.png; path = oemfoeclouds2.png; sourceTree = "<group>"; };
		17E550250B247F1B00736C98 /* oemfoeland5.png */ = {isa = PBXFileReference; lastKnownFileType = image.png; path = oemfoeland5.png; sourceTree = "<group>"; };
		17E550260B247F1B00736C98 /* scoreboard.png */ = {isa = PBXFileReference; lastKnownFileType = image.png; path = scoreboard.png; sourceTree = "<group>"; };
		17E550270B247F1B00736C98 /* font.png */ = {isa = PBXFileReference; lastKnownFileType = image.png; path = font.png; sourceTree = "<group>"; };
		17E550280B247F1B00736C98 /* oemfoeclouds1.png */ = {isa = PBXFileReference; lastKnownFileType = image.png; path = oemfoeclouds1.png; sourceTree = "<group>"; };
		17E550A90B2483C200736C98 /* wall.png */ = {isa = PBXFileReference; lastKnownFileType = image.png; path = wall.png; sourceTree = "<group>"; };
		17F18E9E095DBEC500DB7319 /* OEMFFontFactory.h */ = {isa = PBXFileReference; fileEncoding = 4; lastKnownFileType = sourcecode.c.h; path = OEMFFontFactory.h; sourceTree = "<group>"; };
		17F18E9F095DBEC500DB7319 /* OEMFFontFactory.cpp */ = {isa = PBXFileReference; fileEncoding = 4; lastKnownFileType = sourcecode.cpp.cpp; path = OEMFFontFactory.cpp; sourceTree = "<group>"; };
		17F18F56095E27BA00DB7319 /* OEMFIntro.h */ = {isa = PBXFileReference; fileEncoding = 4; lastKnownFileType = sourcecode.c.h; path = OEMFIntro.h; sourceTree = "<group>"; };
		17F18F57095E27BA00DB7319 /* OEMFIntro.cpp */ = {isa = PBXFileReference; fileEncoding = 4; lastKnownFileType = sourcecode.cpp.cpp; path = OEMFIntro.cpp; sourceTree = "<group>"; };
		29B97324FDCFA39411CA2CEA /* AppKit.framework */ = {isa = PBXFileReference; lastKnownFileType = wrapper.framework; name = AppKit.framework; path = /System/Library/Frameworks/AppKit.framework; sourceTree = "<absolute>"; };
		29B97325FDCFA39411CA2CEA /* Foundation.framework */ = {isa = PBXFileReference; lastKnownFileType = wrapper.framework; name = Foundation.framework; path = /System/Library/Frameworks/Foundation.framework; sourceTree = "<absolute>"; };
		9D1324580C6A1A4100B2190D /* level1.lvl */ = {isa = PBXFileReference; lastKnownFileType = file; name = level1.lvl; path = Levels/level1.lvl; sourceTree = "<group>"; };
		9D1324590C6A1A4100B2190D /* level4.lvl */ = {isa = PBXFileReference; lastKnownFileType = file; name = level4.lvl; path = Levels/level4.lvl; sourceTree = "<group>"; };
		9D13245A0C6A1A4100B2190D /* level2.lvl */ = {isa = PBXFileReference; lastKnownFileType = file; name = level2.lvl; path = Levels/level2.lvl; sourceTree = "<group>"; };
		9D13245B0C6A1A4100B2190D /* level3.lvl */ = {isa = PBXFileReference; lastKnownFileType = file; name = level3.lvl; path = Levels/level3.lvl; sourceTree = "<group>"; };
		9D138B0A0C85935A00D709B2 /* conveyor1.png */ = {isa = PBXFileReference; lastKnownFileType = image.png; path = conveyor1.png; sourceTree = "<group>"; };
		9D138B0B0C85935A00D709B2 /* conveyor2.png */ = {isa = PBXFileReference; lastKnownFileType = image.png; path = conveyor2.png; sourceTree = "<group>"; };
		9D138B0C0C85935A00D709B2 /* conveyor3.png */ = {isa = PBXFileReference; lastKnownFileType = image.png; path = conveyor3.png; sourceTree = "<group>"; };
		9D138B0D0C85935A00D709B2 /* conveyor4.png */ = {isa = PBXFileReference; lastKnownFileType = image.png; path = conveyor4.png; sourceTree = "<group>"; };
		9D1FDBA4159DA32C009F5209 /* level6.lvl */ = {isa = PBXFileReference; lastKnownFileType = file; name = level6.lvl; path = Levels/level6.lvl; sourceTree = "<group>"; };
		9D1FDBA5159DA32C009F5209 /* level7.lvl */ = {isa = PBXFileReference; lastKnownFileType = file; name = level7.lvl; path = Levels/level7.lvl; sourceTree = "<group>"; };
		9D1FDBF3159E4CB1009F5209 /* elevator1.png */ = {isa = PBXFileReference; lastKnownFileType = image.png; path = elevator1.png; sourceTree = "<group>"; };
		9D1FDBF4159E4CB1009F5209 /* elevator2.png */ = {isa = PBXFileReference; lastKnownFileType = image.png; path = elevator2.png; sourceTree = "<group>"; };
		9D1FDBF5159E4CB1009F5209 /* elevator3.png */ = {isa = PBXFileReference; lastKnownFileType = image.png; path = elevator3.png; sourceTree = "<group>"; };
		9D1FDBF6159E4CB1009F5209 /* elevator4.png */ = {isa = PBXFileReference; lastKnownFileType = image.png; path = elevator4.png; sourceTree = "<group>"; };
		9D2F780F0C7079E900F34654 /* endscreen.png */ = {isa = PBXFileReference; lastKnownFileType = image.png; path = endscreen.png; sourceTree = "<group>"; };
		9D2F78100C7079E900F34654 /* marblerock.png */ = {isa = PBXFileReference; lastKnownFileType = image.png; path = marblerock.png; sourceTree = "<group>"; };
		9D72A1270C6499A2006F5BE5 /* boiling.mp3 */ = {isa = PBXFileReference; lastKnownFileType = audio.mp3; name = boiling.mp3; path = Music/boiling.mp3; sourceTree = "<group>"; };
		9D7EE4CE0C870D5C00895B0E /* bomb4.png */ = {isa = PBXFileReference; lastKnownFileType = image.png; path = bomb4.png; sourceTree = "<group>"; };
		9D7EE4CF0C870D5C00895B0E /* bomb3.png */ = {isa = PBXFileReference; lastKnownFileType = image.png; path = bomb3.png; sourceTree = "<group>"; };
		9D7EE4D00C870D5C00895B0E /* bomb2.png */ = {isa = PBXFileReference; lastKnownFileType = image.png; path = bomb2.png; sourceTree = "<group>"; };
		9D8DCE920C6A3EC70076001F /* bomb.png */ = {isa = PBXFileReference; lastKnownFileType = image.png; path = bomb.png; sourceTree = "<group>"; };
		9DAA48A80C813C2F0057ECAC /* level5.lvl */ = {isa = PBXFileReference; lastKnownFileType = file; name = level5.lvl; path = Levels/level5.lvl; sourceTree = "<group>"; };
		9DAA48E90C8226380057ECAC /* resources.def */ = {isa = PBXFileReference; fileEncoding = 30; lastKnownFileType = text; path = resources.def; sourceTree = "<group>"; };
		9DDFB7780C6BA56A0088D1B8 /* greybricks.png */ = {isa = PBXFileReference; lastKnownFileType = image.png; path = greybricks.png; sourceTree = "<group>"; };
		9DE446B10C67DB9C000147FB /* oemfoemini.png */ = {isa = PBXFileReference; lastKnownFileType = image.png; path = oemfoemini.png; sourceTree = "<group>"; };
		F5A47A9D01A0482F01D3D55B /* SDLMain.h */ = {isa = PBXFileReference; lastKnownFileType = sourcecode.c.h; path = SDLMain.h; sourceTree = SOURCE_ROOT; };
		F5A47A9E01A0483001D3D55B /* SDLMain.m */ = {isa = PBXFileReference; lastKnownFileType = sourcecode.c.objc; path = SDLMain.m; sourceTree = SOURCE_ROOT; };
		F5A47A9F01A0483001D3D55B /* main.cpp */ = {isa = PBXFileReference; lastKnownFileType = sourcecode.cpp.cpp; path = main.cpp; sourceTree = "<group>"; };
/* End PBXFileReference section */

/* Begin PBXFrameworksBuildPhase section */
		172C81B70B2C520F006845B5 /* Frameworks */ = {
			isa = PBXFrameworksBuildPhase;
			buildActionMask = 2147483647;
			files = (
				172C81B80B2C520F006845B5 /* Cocoa.framework in Frameworks */,
				172C81B90B2C520F006845B5 /* CoreAudio.framework in Frameworks */,
				172C81BA0B2C520F006845B5 /* SDL_mixer.framework in Frameworks */,
				172C81BB0B2C520F006845B5 /* SDL_image.framework in Frameworks */,
			);
			runOnlyForDeploymentPostprocessing = 0;
		};
		29B9732DFDCFA39411CA2CEA /* Frameworks */ = {
			isa = PBXFrameworksBuildPhase;
			buildActionMask = 2147483647;
			files = (
				1058C7A3FEA54F0111CA2CBB /* Cocoa.framework in Frameworks */,
				177941250958F0C600E4C0FE /* CoreAudio.framework in Frameworks */,
				17E54EAB0B21032A00736C98 /* SDL_mixer.framework in Frameworks */,
				17E54F6D0B24706400736C98 /* SDL_image.framework in Frameworks */,
			);
			runOnlyForDeploymentPostprocessing = 0;
		};
/* End PBXFrameworksBuildPhase section */

/* Begin PBXGroup section */
		080E96DDFE201D6D7F000001 /* Classes */ = {
			isa = PBXGroup;
			children = (
				F5A47A9D01A0482F01D3D55B /* SDLMain.h */,
				F5A47A9E01A0483001D3D55B /* SDLMain.m */,
			);
			name = Classes;
			sourceTree = "<group>";
		};
		1058C7A0FEA54F0111CA2CBB /* Linked Frameworks */ = {
			isa = PBXGroup;
			children = (
				17E54F740B24707100736C98 /* SDL_image.h */,
				17E54F6C0B24706400736C98 /* SDL_image.framework */,
				17E54EB20B21033F00736C98 /* SDL_mixer.h */,
				17E54EAA0B21032A00736C98 /* SDL_mixer.framework */,
				177941240958F0C600E4C0FE /* CoreAudio.framework */,
				1058C7A1FEA54F0111CA2CBB /* Cocoa.framework */,
			);
			name = "Linked Frameworks";
			sourceTree = "<group>";
		};
		1058C7A2FEA54F0111CA2CBB /* Other Frameworks */ = {
			isa = PBXGroup;
			children = (
				29B97325FDCFA39411CA2CEA /* Foundation.framework */,
				29B97324FDCFA39411CA2CEA /* AppKit.framework */,
			);
			name = "Other Frameworks";
			sourceTree = "<group>";
		};
		179D7FA4096609B00037EAAC /* Base Classes */ = {
			isa = PBXGroup;
			children = (
				17145B990B32D99800E475E9 /* OEMFGObjectList.h */,
				17145B9A0B32D99800E475E9 /* OEMFGObjectList.cpp */,
				17C3BF750968BC9D001B4E58 /* OEMFGObject.h */,
				17C3BF760968BC9D001B4E58 /* OEMFGObject.cpp */,
				1704B43609619F6900EE6A28 /* OEMFLevel.h */,
				1704B43709619F6900EE6A28 /* OEMFLevel.cpp */,
				17F18E9E095DBEC500DB7319 /* OEMFFontFactory.h */,
				17F18E9F095DBEC500DB7319 /* OEMFFontFactory.cpp */,
				17CC40DE095CD43F00AD50E8 /* OEMFEnvironment.h */,
				17CC40DF095CD43F00AD50E8 /* OEMFEnvironment.cpp */,
				17CC3F53095AFA5C00AD50E8 /* OEMFString.h */,
				17CC3F54095AFA5C00AD50E8 /* OEMFString.cpp */,
				174D86810958C6FA008187C1 /* OEMFImage.h */,
				174D86820958C6FA008187C1 /* OEMFImage.cpp */,
			);
			name = "Base Classes";
			sourceTree = "<group>";
		};
		179D7FA5096609C10037EAAC /* Environments */ = {
			isa = PBXGroup;
			children = (
				1704B4920961BBC100EE6A28 /* OEMFLevelEdit.h */,
				1704B4930961BBC100EE6A28 /* OEMFLevelEdit.cpp */,
				1704B41A096199C800EE6A28 /* OEMFGame.h */,
				1704B41B096199C800EE6A28 /* OEMFGame.cpp */,
				17C210440960CB21002CB406 /* OEMFMain.h */,
				17C210450960CB21002CB406 /* OEMFMain.cpp */,
				17F18F56095E27BA00DB7319 /* OEMFIntro.h */,
				17F18F57095E27BA00DB7319 /* OEMFIntro.cpp */,
			);
			name = Environments;
			sourceTree = "<group>";
		};
		179D7FA6096609CB0037EAAC /* Storage */ = {
			isa = PBXGroup;
			children = (
				17C20DB509605E72002CB406 /* OEMFStorage.h */,
				17C20DB609605E72002CB406 /* OEMFStorage.cpp */,
			);
			name = Storage;
			sourceTree = "<group>";
		};
		179D7FA709660A3D0037EAAC /* Music */ = {
			isa = PBXGroup;
			children = (
				177940F80958EF2C00E4C0FE /* MusicPlayer.h */,
				177940F70958EF2C00E4C0FE /* MusicPlayer.cpp */,
			);
			name = Music;
			sourceTree = "<group>";
		};
		17D90BB90B385ABA00B6E8CB /* Sounds */ = {
			isa = PBXGroup;
			children = (
				17BF33020B3ADC6800DF168C /* ohno.wav */,
				17D90C7F0B38678700B6E8CB /* drag.wav */,
				17D90C380B3862C400B6E8CB /* hip.wav */,
				17D90C230B38611700B6E8CB /* plof.wav */,
				17D90BBA0B385ABA00B6E8CB /* coin.wav */,
				17D90BBB0B385ABA00B6E8CB /* hmf.wav */,
				17D90BBC0B385ABA00B6E8CB /* pulsar.wav */,
				17D90BBD0B385ABA00B6E8CB /* tik.wav */,
				17D90BBE0B385ABA00B6E8CB /* tok.wav */,
			);
			path = Sounds;
			sourceTree = "<group>";
		};
		17DAFE860B346EDC002E68F2 /* Levels */ = {
			isa = PBXGroup;
			children = (
				9D1FDBA4159DA32C009F5209 /* level6.lvl */,
				9D1FDBA5159DA32C009F5209 /* level7.lvl */,
				9DAA48A80C813C2F0057ECAC /* level5.lvl */,
				9D1324580C6A1A4100B2190D /* level1.lvl */,
				9D1324590C6A1A4100B2190D /* level4.lvl */,
				9D13245A0C6A1A4100B2190D /* level2.lvl */,
				9D13245B0C6A1A4100B2190D /* level3.lvl */,
			);
			name = Levels;
			sourceTree = "<group>";
		};
		17F4C6750959F54200C26944 /* Music */ = {
			isa = PBXGroup;
			children = (
				9D72A1270C6499A2006F5BE5 /* boiling.mp3 */,
			);
			name = Music;
			sourceTree = "<group>";
		};
		17F4C6B6095A109500C26944 /* Textures */ = {
			isa = PBXGroup;
			children = (
				9D1FDBF3159E4CB1009F5209 /* elevator1.png */,
				9D1FDBF4159E4CB1009F5209 /* elevator2.png */,
				9D1FDBF5159E4CB1009F5209 /* elevator3.png */,
				9D1FDBF6159E4CB1009F5209 /* elevator4.png */,
				9D7EE4CE0C870D5C00895B0E /* bomb4.png */,
				9D7EE4CF0C870D5C00895B0E /* bomb3.png */,
				9D7EE4D00C870D5C00895B0E /* bomb2.png */,
				9D138B0A0C85935A00D709B2 /* conveyor1.png */,
				9D138B0B0C85935A00D709B2 /* conveyor2.png */,
				9D138B0C0C85935A00D709B2 /* conveyor3.png */,
				9D138B0D0C85935A00D709B2 /* conveyor4.png */,
				9D2F780F0C7079E900F34654 /* endscreen.png */,
				9D2F78100C7079E900F34654 /* marblerock.png */,
				9DDFB7780C6BA56A0088D1B8 /* greybricks.png */,
				9D8DCE920C6A3EC70076001F /* bomb.png */,
				9DE446B10C67DB9C000147FB /* oemfoemini.png */,
				17113D3E0B36FBD700EE50C2 /* movable.png */,
				17DAFE610B346CCF002E68F2 /* snowman.png */,
				17DAFDE10B341F19002E68F2 /* oemfoecursor.png */,
				17DAFDB80B3419D3002E68F2 /* platform2.png */,
				17DAFDB90B3419D3002E68F2 /* platform1.png */,
				1786F8A40B336B2600192B7A /* arrowright.png */,
				1786F8A50B336B2600192B7A /* snow1.png */,
				1786F8A60B336B2600192B7A /* snow2.png */,
				1786F8A70B336B2600192B7A /* arrowleft.png */,
				17E550A90B2483C200736C98 /* wall.png */,
				17E5501C0B247F1B00736C98 /* coin.png */,
				17E5501D0B247F1B00736C98 /* backgroundwindow.png */,
				17E5501E0B247F1B00736C98 /* background.png */,
				17E5501F0B247F1B00736C98 /* selection.png */,
				17E550200B247F1B00736C98 /* sdl.png */,
				17E550210B247F1B00736C98 /* null.png */,
				17E550220B247F1B00736C98 /* menufont.png */,
				17E550230B247F1B00736C98 /* oemfoe.png */,
				17E550240B247F1B00736C98 /* oemfoeclouds2.png */,
				17E550250B247F1B00736C98 /* oemfoeland5.png */,
				17E550260B247F1B00736C98 /* scoreboard.png */,
				17E550270B247F1B00736C98 /* font.png */,
				17E550280B247F1B00736C98 /* oemfoeclouds1.png */,
			);
			path = Textures;
			sourceTree = "<group>";
		};
		19C28FACFE9D520D11CA2CBB /* Products */ = {
			isa = PBXGroup;
			children = (
				17587328FF379C6511CA2CBB /* Oemfoeland 5.app */,
				172C81C10B2C520F006845B5 /* Oemfoeland 5.app */,
			);
			name = Products;
			sourceTree = "<group>";
		};
		29B97314FDCFA39411CA2CEA /* Oemfoeland 5 */ = {
			isa = PBXGroup;
			children = (
				9DAA48E90C8226380057ECAC /* resources.def */,
				17D90BB90B385ABA00B6E8CB /* Sounds */,
				17DAFE860B346EDC002E68F2 /* Levels */,
				17F4C6B6095A109500C26944 /* Textures */,
				17F4C6750959F54200C26944 /* Music */,
				080E96DDFE201D6D7F000001 /* Classes */,
				29B97315FDCFA39411CA2CEA /* Source Files */,
				29B97317FDCFA39411CA2CEA /* Resources */,
				29B97323FDCFA39411CA2CEA /* Frameworks */,
				19C28FACFE9D520D11CA2CBB /* Products */,
				172C81C00B2C520F006845B5 /* Info-Oemfoeland_5__Upgraded_.plist */,
			);
			name = "Oemfoeland 5";
			sourceTree = "<group>";
		};
		29B97315FDCFA39411CA2CEA /* Source Files */ = {
			isa = PBXGroup;
			children = (
				F5A47A9F01A0483001D3D55B /* main.cpp */,
				179D7FA5096609C10037EAAC /* Environments */,
				179D7FA6096609CB0037EAAC /* Storage */,
				179D7FA4096609B00037EAAC /* Base Classes */,
				179D7FA709660A3D0037EAAC /* Music */,
			);
			name = "Source Files";
			sourceTree = "<group>";
		};
		29B97317FDCFA39411CA2CEA /* Resources */ = {
			isa = PBXGroup;
			children = (
				089C165CFE840E0CC02AAC07 /* InfoPlist.strings */,
			);
			name = Resources;
			sourceTree = "<group>";
		};
		29B97323FDCFA39411CA2CEA /* Frameworks */ = {
			isa = PBXGroup;
			children = (
				1058C7A0FEA54F0111CA2CBB /* Linked Frameworks */,
				1058C7A2FEA54F0111CA2CBB /* Other Frameworks */,
			);
			name = Frameworks;
			sourceTree = "<group>";
		};
/* End PBXGroup section */

/* Begin PBXHeadersBuildPhase section */
		172C81820B2C520F006845B5 /* Headers */ = {
			isa = PBXHeadersBuildPhase;
			buildActionMask = 2147483647;
			files = (
				172C81830B2C520F006845B5 /* SDLMain.h in Headers */,
				172C81840B2C520F006845B5 /* OEMFImage.h in Headers */,
				172C81850B2C520F006845B5 /* MusicPlayer.h in Headers */,
				172C81860B2C520F006845B5 /* OEMFString.h in Headers */,
				172C81870B2C520F006845B5 /* OEMFEnvironment.h in Headers */,
				172C81880B2C520F006845B5 /* OEMFFontFactory.h in Headers */,
				172C81890B2C520F006845B5 /* OEMFIntro.h in Headers */,
				172C818A0B2C520F006845B5 /* OEMFStorage.h in Headers */,
				172C818B0B2C520F006845B5 /* OEMFMain.h in Headers */,
				172C818C0B2C520F006845B5 /* OEMFGame.h in Headers */,
				172C818D0B2C520F006845B5 /* OEMFLevel.h in Headers */,
				172C818E0B2C520F006845B5 /* OEMFLevelEdit.h in Headers */,
				172C818F0B2C520F006845B5 /* OEMFGObject.h in Headers */,
				172C81900B2C520F006845B5 /* SDL_mixer.h in Headers */,
				172C81910B2C520F006845B5 /* SDL_image.h in Headers */,
			);
			runOnlyForDeploymentPostprocessing = 0;
		};
		29B97327FDCFA39411CA2CEA /* Headers */ = {
			isa = PBXHeadersBuildPhase;
			buildActionMask = 2147483647;
			files = (
				F5A47AA101A0483001D3D55B /* SDLMain.h in Headers */,
				174D86830958C6FA008187C1 /* OEMFImage.h in Headers */,
				177940FA0958EF2C00E4C0FE /* MusicPlayer.h in Headers */,
				17CC3F55095AFA5C00AD50E8 /* OEMFString.h in Headers */,
				17CC40E0095CD43F00AD50E8 /* OEMFEnvironment.h in Headers */,
				17F18EA0095DBEC500DB7319 /* OEMFFontFactory.h in Headers */,
				17F18F58095E27BA00DB7319 /* OEMFIntro.h in Headers */,
				17C20DB709605E72002CB406 /* OEMFStorage.h in Headers */,
				17C210460960CB21002CB406 /* OEMFMain.h in Headers */,
				1704B41C096199C800EE6A28 /* OEMFGame.h in Headers */,
				1704B43809619F6900EE6A28 /* OEMFLevel.h in Headers */,
				1704B4940961BBC100EE6A28 /* OEMFLevelEdit.h in Headers */,
				17C3BF770968BC9D001B4E58 /* OEMFGObject.h in Headers */,
				17E54EB30B21033F00736C98 /* SDL_mixer.h in Headers */,
				17E54F750B24707100736C98 /* SDL_image.h in Headers */,
				17145B9B0B32D99800E475E9 /* OEMFGObjectList.h in Headers */,
			);
			runOnlyForDeploymentPostprocessing = 0;
		};
/* End PBXHeadersBuildPhase section */

/* Begin PBXNativeTarget section */
		172C81810B2C520E006845B5 /* Oemfoeland 5 (Upgraded) */ = {
			isa = PBXNativeTarget;
			buildConfigurationList = 172C81BC0B2C520F006845B5 /* Build configuration list for PBXNativeTarget "Oemfoeland 5 (Upgraded)" */;
			buildPhases = (
				172C81820B2C520F006845B5 /* Headers */,
				172C81920B2C520F006845B5 /* Resources */,
				172C81A80B2C520F006845B5 /* Sources */,
				172C81B70B2C520F006845B5 /* Frameworks */,
			);
			buildRules = (
			);
			dependencies = (
			);
			name = "Oemfoeland 5 (Upgraded)";
			productInstallPath = "$(HOME)/Applications";
			productName = "Oemfoeland 5";
			productReference = 172C81C10B2C520F006845B5 /* Oemfoeland 5.app */;
			productType = "com.apple.product-type.application";
		};
/* End PBXNativeTarget section */

/* Begin PBXProject section */
		29B97313FDCFA39411CA2CEA /* Project object */ = {
			isa = PBXProject;
			buildConfigurationList = 179A92AC097718C6008E7FFD /* Build configuration list for PBXProject "Oemfoeland 5" */;
			compatibilityVersion = "Xcode 2.4";
			hasScannedForEncodings = 0;
			mainGroup = 29B97314FDCFA39411CA2CEA /* Oemfoeland 5 */;
			projectDirPath = "";
			projectRoot = "";
			targets = (
				172C81810B2C520E006845B5 /* Oemfoeland 5 (Upgraded) */,
				29B97326FDCFA39411CA2CEA /* Oemfoeland 5 */,
			);
		};
/* End PBXProject section */

/* Begin PBXResourcesBuildPhase section */
		172C81920B2C520F006845B5 /* Resources */ = {
			isa = PBXResourcesBuildPhase;
			buildActionMask = 2147483647;
			files = (
				17BF33030B3ADC6800DF168C /* ohno.wav in Resources */,
				17D90C800B38678700B6E8CB /* drag.wav in Resources */,
				17D90C390B3862C400B6E8CB /* hip.wav in Resources */,
				17D90C240B38611700B6E8CB /* plof.wav in Resources */,
				17D90BBF0B385ABA00B6E8CB /* coin.wav in Resources */,
				17D90BC00B385ABA00B6E8CB /* hmf.wav in Resources */,
				17D90BC10B385ABA00B6E8CB /* pulsar.wav in Resources */,
				17D90BC20B385ABA00B6E8CB /* tik.wav in Resources */,
				17D90BC30B385ABA00B6E8CB /* tok.wav in Resources */,
				17113D400B36FBDF00EE50C2 /* movable.png in Resources */,
				17DAFE630B346CD4002E68F2 /* snowman.png in Resources */,
				17DAFDE30B341F1D002E68F2 /* oemfoecursor.png in Resources */,
				17DAFDBC0B341A0B002E68F2 /* platform2.png in Resources */,
				17DAFDBD0B341A0B002E68F2 /* platform1.png in Resources */,
				1786F8AC0B336B3E00192B7A /* arrowright.png in Resources */,
				1786F8AD0B336B3E00192B7A /* snow1.png in Resources */,
				1786F8AE0B336B3E00192B7A /* snow2.png in Resources */,
				1786F8AF0B336B3E00192B7A /* arrowleft.png in Resources */,
				172C81930B2C520F006845B5 /* InfoPlist.strings in Resources */,
				172C819A0B2C520F006845B5 /* coin.png in Resources */,
				172C819B0B2C520F006845B5 /* backgroundwindow.png in Resources */,
				172C819C0B2C520F006845B5 /* background.png in Resources */,
				172C819D0B2C520F006845B5 /* selection.png in Resources */,
				172C819E0B2C520F006845B5 /* sdl.png in Resources */,
				172C819F0B2C520F006845B5 /* null.png in Resources */,
				172C81A00B2C520F006845B5 /* menufont.png in Resources */,
				172C81A10B2C520F006845B5 /* oemfoe.png in Resources */,
				172C81A20B2C520F006845B5 /* oemfoeclouds2.png in Resources */,
				172C81A30B2C520F006845B5 /* oemfoeland5.png in Resources */,
				172C81A40B2C520F006845B5 /* scoreboard.png in Resources */,
				172C81A50B2C520F006845B5 /* font.png in Resources */,
				172C81A60B2C520F006845B5 /* oemfoeclouds1.png in Resources */,
				172C81A70B2C520F006845B5 /* wall.png in Resources */,
				9D72A1280C6499A2006F5BE5 /* boiling.mp3 in Resources */,
				9DE446B20C67DB9C000147FB /* oemfoemini.png in Resources */,
				9D13245C0C6A1A4100B2190D /* level1.lvl in Resources */,
				9D13245D0C6A1A4200B2190D /* level4.lvl in Resources */,
				9D13245E0C6A1A4200B2190D /* level2.lvl in Resources */,
				9D13245F0C6A1A4200B2190D /* level3.lvl in Resources */,
				9D8DCE930C6A3EC70076001F /* bomb.png in Resources */,
				9DDFB7790C6BA56A0088D1B8 /* greybricks.png in Resources */,
				9D2F78110C7079E900F34654 /* endscreen.png in Resources */,
				9D2F78120C7079E900F34654 /* marblerock.png in Resources */,
				9DAA48A90C813C2F0057ECAC /* level5.lvl in Resources */,
				9DAA48EA0C8226390057ECAC /* resources.def in Resources */,
				9D138B0E0C85935B00D709B2 /* conveyor1.png in Resources */,
				9D138B0F0C85935B00D709B2 /* conveyor2.png in Resources */,
				9D138B100C85935B00D709B2 /* conveyor3.png in Resources */,
				9D138B110C85935B00D709B2 /* conveyor4.png in Resources */,
				9D7EE4D10C870D5C00895B0E /* bomb4.png in Resources */,
				9D7EE4D20C870D5C00895B0E /* bomb3.png in Resources */,
				9D7EE4D30C870D5C00895B0E /* bomb2.png in Resources */,
				9D1FDBA6159DA32C009F5209 /* level6.lvl in Resources */,
				9D1FDBA7159DA32C009F5209 /* level7.lvl in Resources */,
				9D1FDBFB159E4CB1009F5209 /* elevator1.png in Resources */,
				9D1FDBFC159E4CB1009F5209 /* elevator2.png in Resources */,
				9D1FDBFD159E4CB1009F5209 /* elevator3.png in Resources */,
				9D1FDBFE159E4CB1009F5209 /* elevator4.png in Resources */,
			);
			runOnlyForDeploymentPostprocessing = 0;
		};
		29B97328FDCFA39411CA2CEA /* Resources */ = {
			isa = PBXResourcesBuildPhase;
			buildActionMask = 2147483647;
			files = (
				089C165EFE840E0CC02AAC07 /* InfoPlist.strings in Resources */,
				17E5502B0B247F1B00736C98 /* coin.png in Resources */,
				17E5502C0B247F1B00736C98 /* backgroundwindow.png in Resources */,
				17E5502D0B247F1B00736C98 /* background.png in Resources */,
				17E5502E0B247F1B00736C98 /* selection.png in Resources */,
				17E5502F0B247F1B00736C98 /* sdl.png in Resources */,
				17E550300B247F1B00736C98 /* null.png in Resources */,
				17E550310B247F1B00736C98 /* menufont.png in Resources */,
				17E550320B247F1B00736C98 /* oemfoe.png in Resources */,
				17E550330B247F1B00736C98 /* oemfoeclouds2.png in Resources */,
				17E550340B247F1B00736C98 /* oemfoeland5.png in Resources */,
				17E550350B247F1B00736C98 /* scoreboard.png in Resources */,
				17E550360B247F1B00736C98 /* font.png in Resources */,
				17E550370B247F1B00736C98 /* oemfoeclouds1.png in Resources */,
				17E550AA0B2483C200736C98 /* wall.png in Resources */,
				1786F8A80B336B2600192B7A /* arrowright.png in Resources */,
				1786F8A90B336B2600192B7A /* snow1.png in Resources */,
				1786F8AA0B336B2600192B7A /* snow2.png in Resources */,
				1786F8AB0B336B2600192B7A /* arrowleft.png in Resources */,
				17DAFDBA0B3419D3002E68F2 /* platform2.png in Resources */,
				17DAFDBB0B3419D3002E68F2 /* platform1.png in Resources */,
				17DAFDE20B341F19002E68F2 /* oemfoecursor.png in Resources */,
				17DAFE620B346CCF002E68F2 /* snowman.png in Resources */,
				17113D3F0B36FBD700EE50C2 /* movable.png in Resources */,
			);
			runOnlyForDeploymentPostprocessing = 0;
		};
/* End PBXResourcesBuildPhase section */

/* Begin PBXSourcesBuildPhase section */
		172C81A80B2C520F006845B5 /* Sources */ = {
			isa = PBXSourcesBuildPhase;
			buildActionMask = 2147483647;
			files = (
				172C81A90B2C520F006845B5 /* SDLMain.m in Sources */,
				172C81AA0B2C520F006845B5 /* main.cpp in Sources */,
				172C81AB0B2C520F006845B5 /* OEMFImage.cpp in Sources */,
				172C81AC0B2C520F006845B5 /* MusicPlayer.cpp in Sources */,
				172C81AD0B2C520F006845B5 /* OEMFString.cpp in Sources */,
				172C81AE0B2C520F006845B5 /* OEMFEnvironment.cpp in Sources */,
				172C81AF0B2C520F006845B5 /* OEMFFontFactory.cpp in Sources */,
				172C81B00B2C520F006845B5 /* OEMFIntro.cpp in Sources */,
				172C81B10B2C520F006845B5 /* OEMFStorage.cpp in Sources */,
				172C81B20B2C520F006845B5 /* OEMFMain.cpp in Sources */,
				172C81B30B2C520F006845B5 /* OEMFGame.cpp in Sources */,
				172C81B40B2C520F006845B5 /* OEMFLevel.cpp in Sources */,
				172C81B50B2C520F006845B5 /* OEMFLevelEdit.cpp in Sources */,
				172C81B60B2C520F006845B5 /* OEMFGObject.cpp in Sources */,
			);
			runOnlyForDeploymentPostprocessing = 0;
		};
		29B9732BFDCFA39411CA2CEA /* Sources */ = {
			isa = PBXSourcesBuildPhase;
			buildActionMask = 2147483647;
			files = (
				F5A47AA301A0483001D3D55B /* SDLMain.m in Sources */,
				F5A47AA401A0483001D3D55B /* main.cpp in Sources */,
				174D86840958C6FA008187C1 /* OEMFImage.cpp in Sources */,
				177940F90958EF2C00E4C0FE /* MusicPlayer.cpp in Sources */,
				17CC3F56095AFA5C00AD50E8 /* OEMFString.cpp in Sources */,
				17CC40E1095CD43F00AD50E8 /* OEMFEnvironment.cpp in Sources */,
				17F18EA1095DBEC500DB7319 /* OEMFFontFactory.cpp in Sources */,
				17F18F59095E27BA00DB7319 /* OEMFIntro.cpp in Sources */,
				17C20DB809605E72002CB406 /* OEMFStorage.cpp in Sources */,
				17C210470960CB21002CB406 /* OEMFMain.cpp in Sources */,
				1704B41D096199C800EE6A28 /* OEMFGame.cpp in Sources */,
				1704B43909619F6900EE6A28 /* OEMFLevel.cpp in Sources */,
				1704B4950961BBC100EE6A28 /* OEMFLevelEdit.cpp in Sources */,
				17C3BF780968BC9D001B4E58 /* OEMFGObject.cpp in Sources */,
				17145B9C0B32D99800E475E9 /* OEMFGObjectList.cpp in Sources */,
			);
			runOnlyForDeploymentPostprocessing = 0;
		};
/* End PBXSourcesBuildPhase section */

/* Begin PBXVariantGroup section */
		089C165CFE840E0CC02AAC07 /* InfoPlist.strings */ = {
			isa = PBXVariantGroup;
			children = (
				089C165DFE840E0CC02AAC07 /* English */,
			);
			name = InfoPlist.strings;
			sourceTree = "<group>";
		};
/* End PBXVariantGroup section */

/* Begin XCBuildConfiguration section */
		172C81BD0B2C520F006845B5 /* Development */ = {
			isa = XCBuildConfiguration;
			buildSettings = {
				ARCHS = "$(ONLY_ACTIVE_ARCH_PRE_XCODE_3_1)";
				COPY_PHASE_STRIP = NO;
				FRAMEWORK_SEARCH_PATHS = "\"/Library/Frameworks\"";
				GCC_DYNAMIC_NO_PIC = NO;
				GCC_ENABLE_FIX_AND_CONTINUE = YES;
				GCC_GENERATE_DEBUGGING_SYMBOLS = YES;
				GCC_OPTIMIZATION_LEVEL = 0;
				HEADER_SEARCH_PATHS = "\"/Library/Frameworks/SDL.framework/Headers\"";
				INFOPLIST_FILE = "Info-Oemfoeland_5__Upgraded_.plist";
				INSTALL_PATH = "$(HOME)/Applications";
				LIBRARY_SEARCH_PATHS = "$(LIBRARY_SEARCH_PATHS_QUOTED_1)";
				LIBRARY_SEARCH_PATHS_QUOTED_1 = "\"/Users/jefgeskens/Programmeren/SDL/Oemfoeland 5\"";
				ONLY_ACTIVE_ARCH_PRE_XCODE_3_1 = "$(NATIVE_ARCH)";
				OTHER_CPLUSPLUSFLAGS = "-D__DEBUG__";
				OTHER_LDFLAGS = (
					"-framework",
					SDL,
				);
				PRODUCT_NAME = "Oemfoeland 5";
				SDKROOT = /Developer/SDKs/MacOSX10.5.sdk;
				SECTORDER_FLAGS = "";
				WARNING_CFLAGS = (
					"-Wmost",
					"-Wno-four-char-constants",
					"-Wno-unknown-pragmas",
				);
				WRAPPER_EXTENSION = app;
				ZERO_LINK = YES;
			};
			name = Development;
		};
		172C81BE0B2C520F006845B5 /* Deployment */ = {
			isa = XCBuildConfiguration;
			buildSettings = {
				COPY_PHASE_STRIP = YES;
				FRAMEWORK_SEARCH_PATHS = "\"/Library/Frameworks\"";
				GCC_ENABLE_FIX_AND_CONTINUE = NO;
				HEADER_SEARCH_PATHS = "\"/Library/Frameworks/SDL.framework/Headers\"";
				INFOPLIST_FILE = "Info-Oemfoeland_5__Upgraded_.plist";
				INSTALL_PATH = "$(HOME)/Applications";
				LIBRARY_SEARCH_PATHS = "$(LIBRARY_SEARCH_PATHS_QUOTED_1)";
				LIBRARY_SEARCH_PATHS_QUOTED_1 = "\"/Users/jef/Programmeren/svnproj/Oemfoeland 5\"";
				OTHER_LDFLAGS = (
					"-framework",
					SDL,
				);
				PRODUCT_NAME = "Oemfoeland 5";
				SECTORDER_FLAGS = "";
				WARNING_CFLAGS = (
					"-Wmost",
					"-Wno-four-char-constants",
					"-Wno-unknown-pragmas",
				);
				WRAPPER_EXTENSION = app;
				ZERO_LINK = NO;
			};
			name = Deployment;
		};
		172C81BF0B2C520F006845B5 /* Default */ = {
			isa = XCBuildConfiguration;
			buildSettings = {
				FRAMEWORK_SEARCH_PATHS = "\"/Library/Frameworks\"";
				HEADER_SEARCH_PATHS = "\"/Library/Frameworks/SDL.framework/Headers\"";
				INFOPLIST_FILE = "Info-Oemfoeland_5__Upgraded_.plist";
				INSTALL_PATH = "$(HOME)/Applications";
				LIBRARY_SEARCH_PATHS = "$(LIBRARY_SEARCH_PATHS_QUOTED_1)";
				LIBRARY_SEARCH_PATHS_QUOTED_1 = "\"/Users/jefgeskens/Programmeren/SDL/Oemfoeland 5\"";
				OTHER_LDFLAGS = (
					"-framework",
					SDL,
				);
				PRODUCT_NAME = "Oemfoeland 5";
				SECTORDER_FLAGS = "";
				WARNING_CFLAGS = (
					"-Wmost",
					"-Wno-four-char-constants",
					"-Wno-unknown-pragmas",
				);
				WRAPPER_EXTENSION = app;
			};
			name = Default;
		};
		179A92A9097718C6008E7FFD /* Development */ = {
			isa = XCBuildConfiguration;
			buildSettings = {
				COPY_PHASE_STRIP = NO;
				FRAMEWORK_SEARCH_PATHS = "\"/Library/Frameworks\"";
				GCC_DYNAMIC_NO_PIC = NO;
				GCC_ENABLE_FIX_AND_CONTINUE = YES;
				GCC_GENERATE_DEBUGGING_SYMBOLS = YES;
				GCC_OPTIMIZATION_LEVEL = 0;
				HEADER_SEARCH_PATHS = "\"/Library/Frameworks/SDL.framework/Headers\"";
				INSTALL_PATH = "$(HOME)/Applications";
				LIBRARY_SEARCH_PATHS = "\"/Users/jefgeskens/Programmeren/SDL/Oemfoeland 5\"";
				OTHER_CPLUSPLUSFLAGS = "-D__DEBUG__";
				OTHER_LDFLAGS = (
					"-framework",
					SDL,
				);
				PRODUCT_NAME = "Oemfoeland 5";
				SECTORDER_FLAGS = "";
				WARNING_CFLAGS = (
					"-Wmost",
					"-Wno-four-char-constants",
					"-Wno-unknown-pragmas",
				);
				WRAPPER_EXTENSION = app;
				ZERO_LINK = YES;
			};
			name = Development;
		};
		179A92AA097718C6008E7FFD /* Deployment */ = {
			isa = XCBuildConfiguration;
			buildSettings = {
				COPY_PHASE_STRIP = YES;
				FRAMEWORK_SEARCH_PATHS = "\"/Library/Frameworks\"";
				GCC_ENABLE_FIX_AND_CONTINUE = NO;
				HEADER_SEARCH_PATHS = "\"/Library/Frameworks/SDL.framework/Headers\"";
				INSTALL_PATH = "$(HOME)/Applications";
				LIBRARY_SEARCH_PATHS = "\"/Users/jefgeskens/Programmeren/SDL/Oemfoeland 5\"";
				OTHER_LDFLAGS = (
					"-framework",
					SDL,
				);
				PRODUCT_NAME = "Oemfoeland 5";
				SECTORDER_FLAGS = "";
				WARNING_CFLAGS = (
					"-Wmost",
					"-Wno-four-char-constants",
					"-Wno-unknown-pragmas",
				);
				WRAPPER_EXTENSION = app;
				ZERO_LINK = NO;
			};
			name = Deployment;
		};
		179A92AB097718C6008E7FFD /* Default */ = {
			isa = XCBuildConfiguration;
			buildSettings = {
				FRAMEWORK_SEARCH_PATHS = "\"/Library/Frameworks\"";
				HEADER_SEARCH_PATHS = "\"/Library/Frameworks/SDL.framework/Headers\"";
				INSTALL_PATH = "$(HOME)/Applications";
				LIBRARY_SEARCH_PATHS = "\"/Users/jefgeskens/Programmeren/SDL/Oemfoeland 5\"";
				OTHER_LDFLAGS = (
					"-framework",
					SDL,
				);
				PRODUCT_NAME = "Oemfoeland 5";
				SECTORDER_FLAGS = "";
				WARNING_CFLAGS = (
					"-Wmost",
					"-Wno-four-char-constants",
					"-Wno-unknown-pragmas",
				);
				WRAPPER_EXTENSION = app;
			};
			name = Default;
		};
		179A92AD097718C6008E7FFD /* Development */ = {
			isa = XCBuildConfiguration;
			buildSettings = {
				ARCHS = (
					ppc,
					i386,
				);
				MACOSX_DEPLOYMENT_TARGET = 10.4;
				OTHER_CFLAGS = "-D__DEBUG__";
				SDKROOT = /Developer/SDKs/MacOSX10.4u.sdk;
			};
			name = Development;
		};
		179A92AE097718C6008E7FFD /* Deployment */ = {
			isa = XCBuildConfiguration;
			buildSettings = {
				ARCHS = (
					ppc,
					i386,
				);
				MACOSX_DEPLOYMENT_TARGET = 10.4;
				SDKROOT = /Developer/SDKs/MacOSX10.4u.sdk;
			};
			name = Deployment;
		};
		179A92AF097718C6008E7FFD /* Default */ = {
			isa = XCBuildConfiguration;
			buildSettings = {
				ARCHS = (
					ppc,
					i386,
				);
				MACOSX_DEPLOYMENT_TARGET = 10.4;
				SDKROOT = /Developer/SDKs/MacOSX10.4u.sdk;
			};
			name = Default;
		};
/* End XCBuildConfiguration section */

/* Begin XCConfigurationList section */
		172C81BC0B2C520F006845B5 /* Build configuration list for PBXNativeTarget "Oemfoeland 5 (Upgraded)" */ = {
			isa = XCConfigurationList;
			buildConfigurations = (
				172C81BD0B2C520F006845B5 /* Development */,
				172C81BE0B2C520F006845B5 /* Deployment */,
				172C81BF0B2C520F006845B5 /* Default */,
			);
			defaultConfigurationIsVisible = 0;
			defaultConfigurationName = Default;
		};
		179A92A8097718C6008E7FFD /* Build configuration list for PBXApplicationTarget "Oemfoeland 5" */ = {
			isa = XCConfigurationList;
			buildConfigurations = (
				179A92A9097718C6008E7FFD /* Development */,
				179A92AA097718C6008E7FFD /* Deployment */,
				179A92AB097718C6008E7FFD /* Default */,
			);
			defaultConfigurationIsVisible = 0;
			defaultConfigurationName = Default;
		};
		179A92AC097718C6008E7FFD /* Build configuration list for PBXProject "Oemfoeland 5" */ = {
			isa = XCConfigurationList;
			buildConfigurations = (
				179A92AD097718C6008E7FFD /* Development */,
				179A92AE097718C6008E7FFD /* Deployment */,
				179A92AF097718C6008E7FFD /* Default */,
			);
			defaultConfigurationIsVisible = 0;
			defaultConfigurationName = Default;
		};
/* End XCConfigurationList section */
	};
	rootObject = 29B97313FDCFA39411CA2CEA /* Project object */;
}
